
Microsoft Visual Studio Solution File, Format Version 12.00
# Visual Studio Version 17
VisualStudioVersion = 17.4.33205.214
MinimumVisualStudioVersion = 10.0.40219.1
Project("{FAE04EC0-301F-11D3-BF4B-00C04F79EFBC}") = "RequestManagementSystem", "RequestManagementSystem\RequestManagementSystem.csproj", "{016E9FF3-4085-411E-AD7B-61ADE3AED62F}"
EndProject
Project("{FAE04EC0-301F-11D3-BF4B-00C04F79EFBC}") = "RequestManagementSystem.Data", "RequestManagementSystem.Data\RequestManagementSystem.Data.csproj", "{87C5B3D9-253F-4D6F-9975-9233CC9FBA03}"
EndProject
Project("{FAE04EC0-301F-11D3-BF4B-00C04F79EFBC}") = "RequestManagementSystem.DataAccess", "RequestManagementSystem.DataAccess\RequestManagementSystem.DataAccess.csproj", "{276F1A85-7A5B-4F93-AE4F-D41D6A01D64B}"
EndProject
Global
	GlobalSection(SolutionConfigurationPlatforms) = preSolution
		Debug|Any CPU = Debug|Any CPU
		Release|Any CPU = Release|Any CPU
	EndGlobalSection
	GlobalSection(ProjectConfigurationPlatforms) = postSolution
		{016E9FF3-4085-411E-AD7B-61ADE3AED62F}.Debug|Any CPU.ActiveCfg = Debug|Any CPU
		{016E9FF3-4085-411E-AD7B-61ADE3AED62F}.Debug|Any CPU.Build.0 = Debug|Any CPU
		{016E9FF3-4085-411E-AD7B-61ADE3AED62F}.Release|Any CPU.ActiveCfg = Release|Any CPU
		{016E9FF3-4085-411E-AD7B-61ADE3AED62F}.Release|Any CPU.Build.0 = Release|Any CPU
		{87C5B3D9-253F-4D6F-9975-9233CC9FBA03}.Debug|Any CPU.ActiveCfg = Debug|Any CPU
		{87C5B3D9-253F-4D6F-9975-9233CC9FBA03}.Debug|Any CPU.Build.0 = Debug|Any CPU
		{87C5B3D9-253F-4D6F-9975-9233CC9FBA03}.Release|Any CPU.ActiveCfg = Release|Any CPU
		{87C5B3D9-253F-4D6F-9975-9233CC9FBA03}.Release|Any CPU.Build.0 = Release|Any CPU
		{276F1A85-7A5B-4F93-AE4F-D41D6A01D64B}.Debug|Any CPU.ActiveCfg = Debug|Any CPU
		{276F1A85-7A5B-4F93-AE4F-D41D6A01D64B}.Debug|Any CPU.Build.0 = Debug|Any CPU
		{276F1A85-7A5B-4F93-AE4F-D41D6A01D64B}.Release|Any CPU.ActiveCfg = Release|Any CPU
		{276F1A85-7A5B-4F93-AE4F-D41D6A01D64B}.Release|Any CPU.Build.0 = Release|Any CPU
	EndGlobalSection
	GlobalSection(SolutionProperties) = preSolution
		HideSolutionNode = FALSE
	EndGlobalSection
	GlobalSection(ExtensibilityGlobals) = postSolution
		SolutionGuid = {EC3439BF-8C66-4D45-B180-FD8814849098}
	EndGlobalSection
EndGlobal
